<?xml version="1.0" encoding="utf-8"?>
<Project ToolsVersion="4.0" xmlns="http://schemas.microsoft.com/developer/msbuild/2003">
  <ItemGroup>
    <Filter Include="源文件">
      <UniqueIdentifier>{4FC737F1-C7A5-4376-A066-2A32D752A2FF}</UniqueIdentifier>
      <Extensions>cpp;c;cc;cxx;def;odl;idl;hpj;bat;asm;asmx</Extensions>
    </Filter>
    <Filter Include="头文件">
      <UniqueIdentifier>{93995380-89BD-4b04-88EB-625FBE52EBFB}</UniqueIdentifier>
      <Extensions>h;hpp;hxx;hm;inl;inc;xsd</Extensions>
    </Filter>
    <Filter Include="资源文件">
      <UniqueIdentifier>{67DA6AB6-F800-4c08-8B7A-83BB121AAD01}</UniqueIdentifier>
      <Extensions>rc;ico;cur;bmp;dlg;rc2;rct;bin;rgs;gif;jpg;jpeg;jpe;resx;tiff;tif;png;wav;mfcribbon-ms</Extensions>
    </Filter>
  </ItemGroup>
  <ItemGroup>
    <ClInclude Include="..\..\src\_stdio_file.h">
      <Filter>头文件</Filter>
    </ClInclude>
    <ClInclude Include="..\..\src\acquire_release.h">
      <Filter>头文件</Filter>
    </ClInclude>
    <ClInclude Include="..\..\src\aligned_buffer.h">
      <Filter>头文件</Filter>
    </ClInclude>
    <ClInclude Include="..\..\src\c_locale.h">
      <Filter>头文件</Filter>
    </ClInclude>
    <ClInclude Include="..\..\src\locale_impl.h">
      <Filter>头文件</Filter>
    </ClInclude>
    <ClInclude Include="..\..\src\lock_free_slist.h">
      <Filter>头文件</Filter>
    </ClInclude>
    <ClInclude Include="..\..\src\message_facets.h">
      <Filter>头文件</Filter>
    </ClInclude>
    <ClInclude Include="..\..\src\stdio_streambuf.h">
      <Filter>头文件</Filter>
    </ClInclude>
    <ClInclude Include="..\..\src\stlport_prefix.h">
      <Filter>头文件</Filter>
    </ClInclude>
    <ClInclude Include="..\..\src\warning_disable.h">
      <Filter>头文件</Filter>
    </ClInclude>
    <ClInclude Include="..\..\stlport\assert.h">
      <Filter>头文件</Filter>
    </ClInclude>
    <ClInclude Include="..\..\stlport\ctype.h">
      <Filter>头文件</Filter>
    </ClInclude>
    <ClInclude Include="..\..\stlport\errno.h">
      <Filter>头文件</Filter>
    </ClInclude>
    <ClInclude Include="..\..\stlport\exception.h">
      <Filter>头文件</Filter>
    </ClInclude>
    <ClInclude Include="..\..\stlport\float.h">
      <Filter>头文件</Filter>
    </ClInclude>
    <ClInclude Include="..\..\stlport\fstream.h">
      <Filter>头文件</Filter>
    </ClInclude>
    <ClInclude Include="..\..\stlport\iomanip.h">
      <Filter>头文件</Filter>
    </ClInclude>
    <ClInclude Include="..\..\stlport\ios.h">
      <Filter>头文件</Filter>
    </ClInclude>
    <ClInclude Include="..\..\stlport\iostream.h">
      <Filter>头文件</Filter>
    </ClInclude>
    <ClInclude Include="..\..\stlport\iso646.h">
      <Filter>头文件</Filter>
    </ClInclude>
    <ClInclude Include="..\..\stlport\istream.h">
      <Filter>头文件</Filter>
    </ClInclude>
    <ClInclude Include="..\..\stlport\limits.h">
      <Filter>头文件</Filter>
    </ClInclude>
    <ClInclude Include="..\..\stlport\locale.h">
      <Filter>头文件</Filter>
    </ClInclude>
    <ClInclude Include="..\..\stlport\math.h">
      <Filter>头文件</Filter>
    </ClInclude>
    <ClInclude Include="..\..\stlport\mem.h">
      <Filter>头文件</Filter>
    </ClInclude>
    <ClInclude Include="..\..\stlport\new.h">
      <Filter>头文件</Filter>
    </ClInclude>
    <ClInclude Include="..\..\stlport\ostream.h">
      <Filter>头文件</Filter>
    </ClInclude>
    <ClInclude Include="..\..\stlport\pthread.h">
      <Filter>头文件</Filter>
    </ClInclude>
    <ClInclude Include="..\..\stlport\rlocks.h">
      <Filter>头文件</Filter>
    </ClInclude>
    <ClInclude Include="..\..\stlport\setjmp.h">
      <Filter>头文件</Filter>
    </ClInclude>
    <ClInclude Include="..\..\stlport\signal.h">
      <Filter>头文件</Filter>
    </ClInclude>
    <ClInclude Include="..\..\stlport\stdarg.h">
      <Filter>头文件</Filter>
    </ClInclude>
    <ClInclude Include="..\..\stlport\stddef.h">
      <Filter>头文件</Filter>
    </ClInclude>
    <ClInclude Include="..\..\stlport\stdio.h">
      <Filter>头文件</Filter>
    </ClInclude>
    <ClInclude Include="..\..\stlport\stdiostream.h">
      <Filter>头文件</Filter>
    </ClInclude>
    <ClInclude Include="..\..\stlport\stdlib.h">
      <Filter>头文件</Filter>
    </ClInclude>
    <ClInclude Include="..\..\stlport\streambuf.h">
      <Filter>头文件</Filter>
    </ClInclude>
    <ClInclude Include="..\..\stlport\string.h">
      <Filter>头文件</Filter>
    </ClInclude>
    <ClInclude Include="..\..\stlport\strstream.h">
      <Filter>头文件</Filter>
    </ClInclude>
    <ClInclude Include="..\..\stlport\time.h">
      <Filter>头文件</Filter>
    </ClInclude>
    <ClInclude Include="..\..\stlport\typeinfo.h">
      <Filter>头文件</Filter>
    </ClInclude>
    <ClInclude Include="..\..\stlport\wchar.h">
      <Filter>头文件</Filter>
    </ClInclude>
    <ClInclude Include="..\..\stlport\wctype.h">
      <Filter>头文件</Filter>
    </ClInclude>
    <ClInclude Include="..\..\stlport\stl\_abbrevs.h">
      <Filter>头文件</Filter>
    </ClInclude>
    <ClInclude Include="..\..\stlport\stl\_algo.h">
      <Filter>头文件</Filter>
    </ClInclude>
    <ClInclude Include="..\..\stlport\stl\_algobase.h">
      <Filter>头文件</Filter>
    </ClInclude>
    <ClInclude Include="..\..\stlport\stl\_alloc.h">
      <Filter>头文件</Filter>
    </ClInclude>
    <ClInclude Include="..\..\stlport\stl\_auto_ptr.h">
      <Filter>头文件</Filter>
    </ClInclude>
    <ClInclude Include="..\..\stlport\stl\_bitset.h">
      <Filter>头文件</Filter>
    </ClInclude>
    <ClInclude Include="..\..\stlport\stl\_bvector.h">
      <Filter>头文件</Filter>
    </ClInclude>
    <ClInclude Include="..\..\stlport\stl\_carray.h">
      <Filter>头文件</Filter>
    </ClInclude>
    <ClInclude Include="..\..\stlport\stl\_cctype.h">
      <Filter>头文件</Filter>
    </ClInclude>
    <ClInclude Include="..\..\stlport\stl\_clocale.h">
      <Filter>头文件</Filter>
    </ClInclude>
    <ClInclude Include="..\..\stlport\stl\_cmath.h">
      <Filter>头文件</Filter>
    </ClInclude>
    <ClInclude Include="..\..\stlport\stl\_codecvt.h">
      <Filter>头文件</Filter>
    </ClInclude>
    <ClInclude Include="..\..\stlport\stl\_collate.h">
      <Filter>头文件</Filter>
    </ClInclude>
    <ClInclude Include="..\..\stlport\stl\_complex.h">
      <Filter>头文件</Filter>
    </ClInclude>
    <ClInclude Include="..\..\stlport\stl\_config_compat_post.h">
      <Filter>头文件</Filter>
    </ClInclude>
    <ClInclude Include="..\..\stlport\stl\_construct.h">
      <Filter>头文件</Filter>
    </ClInclude>
    <ClInclude Include="..\..\stlport\stl\_cprolog.h">
      <Filter>头文件</Filter>
    </ClInclude>
    <ClInclude Include="..\..\stlport\stl\_csetjmp.h">
      <Filter>头文件</Filter>
    </ClInclude>
    <ClInclude Include="..\..\stlport\stl\_csignal.h">
      <Filter>头文件</Filter>
    </ClInclude>
    <ClInclude Include="..\..\stlport\stl\_cstdarg.h">
      <Filter>头文件</Filter>
    </ClInclude>
    <ClInclude Include="..\..\stlport\stl\_cstddef.h">
      <Filter>头文件</Filter>
    </ClInclude>
    <ClInclude Include="..\..\stlport\stl\_cstdio.h">
      <Filter>头文件</Filter>
    </ClInclude>
    <ClInclude Include="..\..\stlport\stl\_cstdlib.h">
      <Filter>头文件</Filter>
    </ClInclude>
    <ClInclude Include="..\..\stlport\stl\_cstring.h">
      <Filter>头文件</Filter>
    </ClInclude>
    <ClInclude Include="..\..\stlport\stl\_ctime.h">
      <Filter>头文件</Filter>
    </ClInclude>
    <ClInclude Include="..\..\stlport\stl\_ctraits_fns.h">
      <Filter>头文件</Filter>
    </ClInclude>
    <ClInclude Include="..\..\stlport\stl\_ctype.h">
      <Filter>头文件</Filter>
    </ClInclude>
    <ClInclude Include="..\..\stlport\stl\_cwchar.h">
      <Filter>头文件</Filter>
    </ClInclude>
    <ClInclude Include="..\..\stlport\stl\_cwctype.h">
      <Filter>头文件</Filter>
    </ClInclude>
    <ClInclude Include="..\..\stlport\stl\_deque.h">
      <Filter>头文件</Filter>
    </ClInclude>
    <ClInclude Include="..\..\stlport\stl\_epilog.h">
      <Filter>头文件</Filter>
    </ClInclude>
    <ClInclude Include="..\..\stlport\stl\_exception.h">
      <Filter>头文件</Filter>
    </ClInclude>
    <ClInclude Include="..\..\stlport\stl\_facets_fwd.h">
      <Filter>头文件</Filter>
    </ClInclude>
    <ClInclude Include="..\..\stlport\stl\_fstream.h">
      <Filter>头文件</Filter>
    </ClInclude>
    <ClInclude Include="..\..\stlport\stl\_function.h">
      <Filter>头文件</Filter>
    </ClInclude>
    <ClInclude Include="..\..\stlport\stl\_function_adaptors.h">
      <Filter>头文件</Filter>
    </ClInclude>
    <ClInclude Include="..\..\stlport\stl\_function_base.h">
      <Filter>头文件</Filter>
    </ClInclude>
    <ClInclude Include="..\..\stlport\stl\_hash_fun.h">
      <Filter>头文件</Filter>
    </ClInclude>
    <ClInclude Include="..\..\stlport\stl\_hash_map.h">
      <Filter>头文件</Filter>
    </ClInclude>
    <ClInclude Include="..\..\stlport\stl\_hash_set.h">
      <Filter>头文件</Filter>
    </ClInclude>
    <ClInclude Include="..\..\stlport\stl\_hashtable.h">
      <Filter>头文件</Filter>
    </ClInclude>
    <ClInclude Include="..\..\stlport\stl\_heap.h">
      <Filter>头文件</Filter>
    </ClInclude>
    <ClInclude Include="..\..\stlport\stl\_iomanip.h">
      <Filter>头文件</Filter>
    </ClInclude>
    <ClInclude Include="..\..\stlport\stl\_ios.h">
      <Filter>头文件</Filter>
    </ClInclude>
    <ClInclude Include="..\..\stlport\stl\_ios_base.h">
      <Filter>头文件</Filter>
    </ClInclude>
    <ClInclude Include="..\..\stlport\stl\_ioserr.h">
      <Filter>头文件</Filter>
    </ClInclude>
    <ClInclude Include="..\..\stlport\stl\_iosfwd.h">
      <Filter>头文件</Filter>
    </ClInclude>
    <ClInclude Include="..\..\stlport\stl\_iostream_string.h">
      <Filter>头文件</Filter>
    </ClInclude>
    <ClInclude Include="..\..\stlport\stl\_istream.h">
      <Filter>头文件</Filter>
    </ClInclude>
    <ClInclude Include="..\..\stlport\stl\_istreambuf_iterator.h">
      <Filter>头文件</Filter>
    </ClInclude>
    <ClInclude Include="..\..\stlport\stl\_iterator.h">
      <Filter>头文件</Filter>
    </ClInclude>
    <ClInclude Include="..\..\stlport\stl\_iterator_base.h">
      <Filter>头文件</Filter>
    </ClInclude>
    <ClInclude Include="..\..\stlport\stl\_iterator_old.h">
      <Filter>头文件</Filter>
    </ClInclude>
    <ClInclude Include="..\..\stlport\stl\_limits.h">
      <Filter>头文件</Filter>
    </ClInclude>
    <ClInclude Include="..\..\stlport\stl\_list.h">
      <Filter>头文件</Filter>
    </ClInclude>
    <ClInclude Include="..\..\stlport\stl\_locale.h">
      <Filter>头文件</Filter>
    </ClInclude>
    <ClInclude Include="..\..\stlport\stl\_map.h">
      <Filter>头文件</Filter>
    </ClInclude>
    <ClInclude Include="..\..\stlport\stl\_mbstate_t.h">
      <Filter>头文件</Filter>
    </ClInclude>
    <ClInclude Include="..\..\stlport\stl\_messages_facets.h">
      <Filter>头文件</Filter>
    </ClInclude>
    <ClInclude Include="..\..\stlport\stl\_monetary.h">
      <Filter>头文件</Filter>
    </ClInclude>
    <ClInclude Include="..\..\stlport\stl\_move_construct_fwk.h">
      <Filter>头文件</Filter>
    </ClInclude>
    <ClInclude Include="..\..\stlport\stl\_new.h">
      <Filter>头文件</Filter>
    </ClInclude>
    <ClInclude Include="..\..\stlport\stl\_num_get.h">
      <Filter>头文件</Filter>
    </ClInclude>
    <ClInclude Include="..\..\stlport\stl\_num_put.h">
      <Filter>头文件</Filter>
    </ClInclude>
    <ClInclude Include="..\..\stlport\stl\_numeric.h">
      <Filter>头文件</Filter>
    </ClInclude>
    <ClInclude Include="..\..\stlport\stl\_numpunct.h">
      <Filter>头文件</Filter>
    </ClInclude>
    <ClInclude Include="..\..\stlport\stl\_ostream.h">
      <Filter>头文件</Filter>
    </ClInclude>
    <ClInclude Include="..\..\stlport\stl\_ostreambuf_iterator.h">
      <Filter>头文件</Filter>
    </ClInclude>
    <ClInclude Include="..\..\stlport\stl\_pair.h">
      <Filter>头文件</Filter>
    </ClInclude>
    <ClInclude Include="..\..\stlport\stl\_prolog.h">
      <Filter>头文件</Filter>
    </ClInclude>
    <ClInclude Include="..\..\stlport\stl\_pthread_alloc.h">
      <Filter>头文件</Filter>
    </ClInclude>
    <ClInclude Include="..\..\stlport\stl\_ptrs_specialize.h">
      <Filter>头文件</Filter>
    </ClInclude>
    <ClInclude Include="..\..\stlport\stl\_queue.h">
      <Filter>头文件</Filter>
    </ClInclude>
    <ClInclude Include="..\..\stlport\stl\_range_errors.h">
      <Filter>头文件</Filter>
    </ClInclude>
    <ClInclude Include="..\..\stlport\stl\_raw_storage_iter.h">
      <Filter>头文件</Filter>
    </ClInclude>
    <ClInclude Include="..\..\stlport\stl\_relops_cont.h">
      <Filter>头文件</Filter>
    </ClInclude>
    <ClInclude Include="..\..\stlport\stl\_relops_hash_cont.h">
      <Filter>头文件</Filter>
    </ClInclude>
    <ClInclude Include="..\..\stlport\stl\_rope.h">
      <Filter>头文件</Filter>
    </ClInclude>
    <ClInclude Include="..\..\stlport\stl\_set.h">
      <Filter>头文件</Filter>
    </ClInclude>
    <ClInclude Include="..\..\stlport\stl\_slist.h">
      <Filter>头文件</Filter>
    </ClInclude>
    <ClInclude Include="..\..\stlport\stl\_slist_base.h">
      <Filter>头文件</Filter>
    </ClInclude>
    <ClInclude Include="..\..\stlport\stl\_sparc_atomic.h">
      <Filter>头文件</Filter>
    </ClInclude>
    <ClInclude Include="..\..\stlport\stl\_sstream.h">
      <Filter>头文件</Filter>
    </ClInclude>
    <ClInclude Include="..\..\stlport\stl\_stack.h">
      <Filter>头文件</Filter>
    </ClInclude>
    <ClInclude Include="..\..\stlport\stl\_stdexcept.h">
      <Filter>头文件</Filter>
    </ClInclude>
    <ClInclude Include="..\..\stlport\stl\_stdexcept_base.h">
      <Filter>头文件</Filter>
    </ClInclude>
    <ClInclude Include="..\..\stlport\stl\_stlport_version.h">
      <Filter>头文件</Filter>
    </ClInclude>
    <ClInclude Include="..\..\stlport\stl\_stream_iterator.h">
      <Filter>头文件</Filter>
    </ClInclude>
    <ClInclude Include="..\..\stlport\stl\_streambuf.h">
      <Filter>头文件</Filter>
    </ClInclude>
    <ClInclude Include="..\..\stlport\stl\_string.h">
      <Filter>头文件</Filter>
    </ClInclude>
    <ClInclude Include="..\..\stlport\stl\_string_base.h">
      <Filter>头文件</Filter>
    </ClInclude>
    <ClInclude Include="..\..\stlport\stl\_string_fwd.h">
      <Filter>头文件</Filter>
    </ClInclude>
    <ClInclude Include="..\..\stlport\stl\_string_hash.h">
      <Filter>头文件</Filter>
    </ClInclude>
    <ClInclude Include="..\..\stlport\stl\_string_io.h">
      <Filter>头文件</Filter>
    </ClInclude>
    <ClInclude Include="..\..\stlport\stl\_string_npos.h">
      <Filter>头文件</Filter>
    </ClInclude>
    <ClInclude Include="..\..\stlport\stl\_string_operators.h">
      <Filter>头文件</Filter>
    </ClInclude>
    <ClInclude Include="..\..\stlport\stl\_string_sum.h">
      <Filter>头文件</Filter>
    </ClInclude>
    <ClInclude Include="..\..\stlport\stl\_string_sum_methods.h">
      <Filter>头文件</Filter>
    </ClInclude>
    <ClInclude Include="..\..\stlport\stl\_string_workaround.h">
      <Filter>头文件</Filter>
    </ClInclude>
    <ClInclude Include="..\..\stlport\stl\_strstream.h">
      <Filter>头文件</Filter>
    </ClInclude>
    <ClInclude Include="..\..\stlport\stl\_tempbuf.h">
      <Filter>头文件</Filter>
    </ClInclude>
    <ClInclude Include="..\..\stlport\stl\_threads.h">
      <Filter>头文件</Filter>
    </ClInclude>
    <ClInclude Include="..\..\stlport\stl\_time_facets.h">
      <Filter>头文件</Filter>
    </ClInclude>
    <ClInclude Include="..\..\stlport\stl\_tree.h">
      <Filter>头文件</Filter>
    </ClInclude>
    <ClInclude Include="..\..\stlport\stl\_typeinfo.h">
      <Filter>头文件</Filter>
    </ClInclude>
    <ClInclude Include="..\..\stlport\stl\_uninitialized.h">
      <Filter>头文件</Filter>
    </ClInclude>
    <ClInclude Include="..\..\stlport\stl\_unordered_map.h">
      <Filter>头文件</Filter>
    </ClInclude>
    <ClInclude Include="..\..\stlport\stl\_unordered_set.h">
      <Filter>头文件</Filter>
    </ClInclude>
    <ClInclude Include="..\..\stlport\stl\_valarray.h">
      <Filter>头文件</Filter>
    </ClInclude>
    <ClInclude Include="..\..\stlport\stl\_vector.h">
      <Filter>头文件</Filter>
    </ClInclude>
    <ClInclude Include="..\..\stlport\stl\boost_type_traits.h">
      <Filter>头文件</Filter>
    </ClInclude>
    <ClInclude Include="..\..\stlport\stl\c_locale.h">
      <Filter>头文件</Filter>
    </ClInclude>
    <ClInclude Include="..\..\stlport\stl\char_traits.h">
      <Filter>头文件</Filter>
    </ClInclude>
    <ClInclude Include="..\..\stlport\stl\concept_checks.h">
      <Filter>头文件</Filter>
    </ClInclude>
    <ClInclude Include="..\..\stlport\stl\msl_string.h">
      <Filter>头文件</Filter>
    </ClInclude>
    <ClInclude Include="..\..\stlport\stl\type_manips.h">
      <Filter>头文件</Filter>
    </ClInclude>
    <ClInclude Include="..\..\stlport\stl\type_traits.h">
      <Filter>头文件</Filter>
    </ClInclude>
  </ItemGroup>
  <ItemGroup>
    <ClCompile Include="..\..\src\time_facets.cpp">
      <Filter>源文件</Filter>
    </ClCompile>
    <ClCompile Include="..\..\src\strstream.cpp">
      <Filter>源文件</Filter>
    </ClCompile>
    <ClCompile Include="..\..\src\string.cpp">
      <Filter>源文件</Filter>
    </ClCompile>
    <ClCompile Include="..\..\src\stdio_streambuf.cpp">
      <Filter>源文件</Filter>
    </ClCompile>
    <ClCompile Include="..\..\src\sstream.cpp">
      <Filter>源文件</Filter>
    </ClCompile>
    <ClCompile Include="..\..\src\ostream.cpp">
      <Filter>源文件</Filter>
    </ClCompile>
    <ClCompile Include="..\..\src\numpunct.cpp">
      <Filter>源文件</Filter>
    </ClCompile>
    <ClCompile Include="..\..\src\num_put_float.cpp">
      <Filter>源文件</Filter>
    </ClCompile>
    <ClCompile Include="..\..\src\num_put.cpp">
      <Filter>源文件</Filter>
    </ClCompile>
    <ClCompile Include="..\..\src\num_get_float.cpp">
      <Filter>源文件</Filter>
    </ClCompile>
    <ClCompile Include="..\..\src\num_get.cpp">
      <Filter>源文件</Filter>
    </ClCompile>
    <ClCompile Include="..\..\src\monetary.cpp">
      <Filter>源文件</Filter>
    </ClCompile>
    <ClCompile Include="..\..\src\messages.cpp">
      <Filter>源文件</Filter>
    </ClCompile>
    <ClCompile Include="..\..\src\locale_impl.cpp">
      <Filter>源文件</Filter>
    </ClCompile>
    <ClCompile Include="..\..\src\locale_catalog.cpp">
      <Filter>源文件</Filter>
    </ClCompile>
    <ClCompile Include="..\..\src\locale.cpp">
      <Filter>源文件</Filter>
    </ClCompile>
    <ClCompile Include="..\..\src\istream.cpp">
      <Filter>源文件</Filter>
    </ClCompile>
    <ClCompile Include="..\..\src\iostream.cpp">
      <Filter>源文件</Filter>
    </ClCompile>
    <ClCompile Include="..\..\src\ios.cpp">
      <Filter>源文件</Filter>
    </ClCompile>
    <ClCompile Include="..\..\src\fstream.cpp">
      <Filter>源文件</Filter>
    </ClCompile>
    <ClCompile Include="..\..\src\facets_byname.cpp">
      <Filter>源文件</Filter>
    </ClCompile>
    <ClCompile Include="..\..\src\dll_main.cpp">
      <Filter>源文件</Filter>
    </ClCompile>
    <ClCompile Include="..\..\src\ctype.cpp">
      <Filter>源文件</Filter>
    </ClCompile>
    <ClCompile Include="..\..\src\complex_trig.cpp">
      <Filter>源文件</Filter>
    </ClCompile>
    <ClCompile Include="..\..\src\complex_io.cpp">
      <Filter>源文件</Filter>
    </ClCompile>
    <ClCompile Include="..\..\src\complex.cpp">
      <Filter>源文件</Filter>
    </ClCompile>
    <ClCompile Include="..\..\src\collate.cpp">
      <Filter>源文件</Filter>
    </ClCompile>
    <ClCompile Include="..\..\src\codecvt.cpp">
      <Filter>源文件</Filter>
    </ClCompile>
    <ClCompile Include="..\..\src\bitset.cpp">
      <Filter>源文件</Filter>
    </ClCompile>
    <ClCompile Include="..\..\src\allocators.cpp">
      <Filter>源文件</Filter>
    </ClCompile>
    <ClCompile Include="..\..\src\cxa.c">
      <Filter>源文件</Filter>
    </ClCompile>
    <ClCompile Include="..\..\src\c_locale.c">
      <Filter>源文件</Filter>
    </ClCompile>
  </ItemGroup>
</Project>